
Microsoft Visual Studio Solution File, Format Version 11.00
# Visual Studio 2010
Project("{FAE04EC0-301F-11D3-BF4B-00C04F79EFBC}") = "0605-01", "0605-01\0605-01.csproj", "{917777A1-2DDC-4068-88B5-CB5FC38FA687}"
EndProject
Global
	GlobalSection(SolutionConfigurationPlatforms) = preSolution
		Debug|x86 = Debug|x86
		Release|x86 = Release|x86
	EndGlobalSection
	GlobalSection(ProjectConfigurationPlatforms) = postSolution
		{917777A1-2DDC-4068-88B5-CB5FC38FA687}.Debug|x86.ActiveCfg = Debug|x86
		{917777A1-2DDC-4068-88B5-CB5FC38FA687}.Debug|x86.Build.0 = Debug|x86
		{917777A1-2DDC-4068-88B5-CB5FC38FA687}.Release|x86.ActiveCfg = Release|x86
		{917777A1-2DDC-4068-88B5-CB5FC38FA687}.Release|x86.Build.0 = Release|x86
	EndGlobalSection
	GlobalSection(SolutionProperties) = preSolution
		HideSolutionNode = FALSE
	EndGlobalSection
EndGlobal
